<?xml version="1.0" encoding="utf-8"?>
<Project ToolsVersion="4.0" xmlns="http://schemas.microsoft.com/developer/msbuild/2003">
  <ItemGroup>
    <Filter Include="ソース ファイル">
      <UniqueIdentifier>{4FC737F1-C7A5-4376-A066-2A32D752A2FF}</UniqueIdentifier>
      <Extensions>cpp;c;cc;cxx;c++;cppm;ixx;def;odl;idl;hpj;bat;asm;asmx</Extensions>
    </Filter>
    <Filter Include="ヘッダー ファイル">
      <UniqueIdentifier>{93995380-89BD-4b04-88EB-625FBE52EBFB}</UniqueIdentifier>
      <Extensions>h;hh;hpp;hxx;h++;hm;inl;inc;ipp;xsd</Extensions>
    </Filter>
    <Filter Include="ソース ファイル\シーン">
      <UniqueIdentifier>{2eac79df-d471-4c94-af16-5b76f2d6ddca}</UniqueIdentifier>
    </Filter>
    <Filter Include="ヘッダー ファイル\オブジェクト">
      <UniqueIdentifier>{9472430c-2416-4a8f-82ea-7ee1147279b4}</UniqueIdentifier>
    </Filter>
    <Filter Include="ソース ファイル\オブジェクト">
      <UniqueIdentifier>{1052309c-2852-45d0-800d-ffe5b081cbaa}</UniqueIdentifier>
    </Filter>
    <Filter Include="ヘッダー ファイル\シーン">
      <UniqueIdentifier>{6a32f91b-06f7-4bc9-9c6f-9c1de65fd0a5}</UniqueIdentifier>
    </Filter>
    <Filter Include="ライブラリ用ヘッダーファイル">
      <UniqueIdentifier>{05caca3d-783b-4307-9a47-41dc3f163b18}</UniqueIdentifier>
    </Filter>
    <Filter Include="ライブラリ用ソースファイル">
      <UniqueIdentifier>{e93d6900-d129-4c3f-acbd-1f8be7236993}</UniqueIdentifier>
    </Filter>
    <Filter Include="ヘッダー ファイル\オブジェクト\アイテム">
      <UniqueIdentifier>{cf1415c9-dd23-45c2-aab4-5238bcf525c2}</UniqueIdentifier>
    </Filter>
    <Filter Include="ソース ファイル\オブジェクト\アイテム">
      <UniqueIdentifier>{cbb228c6-db01-42e4-9498-395790c51447}</UniqueIdentifier>
    </Filter>
    <Filter Include="ソース ファイル\オブジェクト\敵">
      <UniqueIdentifier>{cd56b4de-f12d-40ce-8bd5-0a4cc2a0795c}</UniqueIdentifier>
    </Filter>
    <Filter Include="ヘッダー ファイル\オブジェクト\敵">
      <UniqueIdentifier>{7ad74064-515d-4314-a19a-1b218f0c476e}</UniqueIdentifier>
    </Filter>
    <Filter Include="ソース ファイル\オブジェクト\プレイヤー">
      <UniqueIdentifier>{837a2da8-ac74-48c1-b600-5911286e87f1}</UniqueIdentifier>
    </Filter>
    <Filter Include="ヘッダー ファイル\オブジェクト\プレイヤー">
      <UniqueIdentifier>{ac4d9ac4-6cd0-4eab-a3db-75e53b0e7ae4}</UniqueIdentifier>
    </Filter>
  </ItemGroup>
  <ItemGroup>
    <ClInclude Include="main.h">
      <Filter>ヘッダー ファイル</Filter>
    </ClInclude>
    <ClInclude Include="game.h">
      <Filter>ヘッダー ファイル\シーン</Filter>
    </ClInclude>
    <ClInclude Include="objBase.h">
      <Filter>ライブラリ用ヘッダーファイル</Filter>
    </ClInclude>
    <ClInclude Include="objChar.h">
      <Filter>ライブラリ用ヘッダーファイル</Filter>
    </ClInclude>
    <ClInclude Include="Scene_Base.h">
      <Filter>ライブラリ用ヘッダーファイル</Filter>
    </ClInclude>
    <ClInclude Include="Scene_Manager.h">
      <Filter>ライブラリ用ヘッダーファイル</Filter>
    </ClInclude>
    <ClInclude Include="library_function.h">
      <Filter>ライブラリ用ヘッダーファイル</Filter>
    </ClInclude>
    <ClInclude Include="2D_function.h">
      <Filter>ライブラリ用ヘッダーファイル</Filter>
    </ClInclude>
    <ClInclude Include="CCamera.h">
      <Filter>ライブラリ用ヘッダーファイル</Filter>
    </ClInclude>
    <ClInclude Include="3D_function.h">
      <Filter>ライブラリ用ヘッダーファイル</Filter>
    </ClInclude>
    <ClInclude Include="function.h">
      <Filter>ライブラリ用ヘッダーファイル</Filter>
    </ClInclude>
    <ClInclude Include="objID.h">
      <Filter>ヘッダー ファイル</Filter>
    </ClInclude>
    <ClInclude Include="libID.h">
      <Filter>ライブラリ用ヘッダーファイル</Filter>
    </ClInclude>
    <ClInclude Include="Resource.h">
      <Filter>ヘッダー ファイル</Filter>
    </ClInclude>
    <ClInclude Include="map.h">
      <Filter>ヘッダー ファイル</Filter>
    </ClInclude>
    <ClInclude Include="CollisionUpdate.h">
      <Filter>ヘッダー ファイル</Filter>
    </ClInclude>
    <ClInclude Include="TreasureBaseItem.h">
      <Filter>ヘッダー ファイル\オブジェクト\アイテム</Filter>
    </ClInclude>
    <ClInclude Include="WeaponBaseItem.h">
      <Filter>ヘッダー ファイル\オブジェクト\アイテム</Filter>
    </ClInclude>
    <ClInclude Include="bow.h">
      <Filter>ヘッダー ファイル\オブジェクト\プレイヤー</Filter>
    </ClInclude>
    <ClInclude Include="magic.h">
      <Filter>ヘッダー ファイル\オブジェクト\プレイヤー</Filter>
    </ClInclude>
    <ClInclude Include="player.h">
      <Filter>ヘッダー ファイル\オブジェクト\プレイヤー</Filter>
    </ClInclude>
    <ClInclude Include="sword.h">
      <Filter>ヘッダー ファイル\オブジェクト\プレイヤー</Filter>
    </ClInclude>
    <ClInclude Include="Effect.h">
      <Filter>ヘッダー ファイル\オブジェクト</Filter>
    </ClInclude>
    <ClInclude Include="damageObj.h">
      <Filter>ヘッダー ファイル\オブジェクト</Filter>
    </ClInclude>
    <ClInclude Include="EnemyBase.h">
      <Filter>ヘッダー ファイル\オブジェクト\敵</Filter>
    </ClInclude>
    <ClInclude Include="spawnPoint.h">
      <Filter>ヘッダー ファイル\オブジェクト\敵</Filter>
    </ClInclude>
    <ClInclude Include="item.h">
      <Filter>ヘッダー ファイル\オブジェクト\アイテム</Filter>
    </ClInclude>
    <ClInclude Include="expItem.h">
      <Filter>ヘッダー ファイル\オブジェクト\アイテム</Filter>
    </ClInclude>
    <ClInclude Include="weapon.h">
      <Filter>ヘッダー ファイル\オブジェクト\プレイヤー</Filter>
    </ClInclude>
    <ClInclude Include="healitem.h">
      <Filter>ヘッダー ファイル\オブジェクト\アイテム</Filter>
    </ClInclude>
  </ItemGroup>
  <ItemGroup>
    <ClCompile Include="main.cpp">
      <Filter>ソース ファイル</Filter>
    </ClCompile>
    <ClCompile Include="game.cpp">
      <Filter>ソース ファイル\シーン</Filter>
    </ClCompile>
    <ClCompile Include="3D_function.cpp">
      <Filter>ライブラリ用ソースファイル</Filter>
    </ClCompile>
    <ClCompile Include="2D_function.cpp">
      <Filter>ライブラリ用ソースファイル</Filter>
    </ClCompile>
    <ClCompile Include="CCamera.cpp">
      <Filter>ライブラリ用ソースファイル</Filter>
    </ClCompile>
    <ClCompile Include="library_function.cpp">
      <Filter>ライブラリ用ソースファイル</Filter>
    </ClCompile>
    <ClCompile Include="Resoure.cpp">
      <Filter>ソース ファイル</Filter>
    </ClCompile>
    <ClCompile Include="map.cpp">
      <Filter>ソース ファイル</Filter>
    </ClCompile>
    <ClCompile Include="function.cpp">
      <Filter>ソース ファイル</Filter>
    </ClCompile>
    <ClCompile Include="CollisionUpDate.cpp">
      <Filter>ソース ファイル</Filter>
    </ClCompile>
    <ClCompile Include="TreasureBaseItem.cpp">
      <Filter>ソース ファイル\オブジェクト\アイテム</Filter>
    </ClCompile>
    <ClCompile Include="WeaponBaseItem.cpp">
      <Filter>ソース ファイル\オブジェクト\アイテム</Filter>
    </ClCompile>
    <ClCompile Include="bow.cpp">
      <Filter>ソース ファイル\オブジェクト\プレイヤー</Filter>
    </ClCompile>
    <ClCompile Include="magic.cpp">
      <Filter>ソース ファイル\オブジェクト\プレイヤー</Filter>
    </ClCompile>
    <ClCompile Include="player.cpp">
      <Filter>ソース ファイル\オブジェクト\プレイヤー</Filter>
    </ClCompile>
    <ClCompile Include="sword.cpp">
      <Filter>ソース ファイル\オブジェクト\プレイヤー</Filter>
    </ClCompile>
    <ClCompile Include="EnemyBase.cpp">
      <Filter>ソース ファイル\オブジェクト\敵</Filter>
    </ClCompile>
    <ClCompile Include="damageObj.cpp">
      <Filter>ソース ファイル\オブジェクト</Filter>
    </ClCompile>
    <ClCompile Include="spawnPoint.cpp">
      <Filter>ソース ファイル\オブジェクト\敵</Filter>
    </ClCompile>
    <ClCompile Include="expItem.cpp">
      <Filter>ソース ファイル\オブジェクト\アイテム</Filter>
    </ClCompile>
    <ClCompile Include="item.cpp">
      <Filter>ソース ファイル\オブジェクト\アイテム</Filter>
    </ClCompile>
    <ClCompile Include="weapon.cpp">
      <Filter>ソース ファイル\オブジェクト\プレイヤー</Filter>
    </ClCompile>
    <ClCompile Include="healitem.cpp">
      <Filter>ソース ファイル\オブジェクト\アイテム</Filter>
    </ClCompile>
  </ItemGroup>
</Project>